
Microsoft Visual Studio Solution File, Format Version 12.00
# Visual Studio Version 16
VisualStudioVersion = 16.0.30717.126
MinimumVisualStudioVersion = 10.0.40219.1
Project("{FAE04EC0-301F-11D3-BF4B-00C04F79EFBC}") = "BMES-REST-API", "BMES-REST-API\BMES-REST-API.csproj", "{276FDFBC-68AB-40B5-AD0F-085E6F777194}"
EndProject
Global
	GlobalSection(SolutionConfigurationPlatforms) = preSolution
		Debug|Any CPU = Debug|Any CPU
		Release|Any CPU = Release|Any CPU
	EndGlobalSection
	GlobalSection(ProjectConfigurationPlatforms) = postSolution
		{276FDFBC-68AB-40B5-AD0F-085E6F777194}.Debug|Any CPU.ActiveCfg = Debug|Any CPU
		{276FDFBC-68AB-40B5-AD0F-085E6F777194}.Debug|Any CPU.Build.0 = Debug|Any CPU
		{276FDFBC-68AB-40B5-AD0F-085E6F777194}.Release|Any CPU.ActiveCfg = Release|Any CPU
		{276FDFBC-68AB-40B5-AD0F-085E6F777194}.Release|Any CPU.Build.0 = Release|Any CPU
	EndGlobalSection
	GlobalSection(SolutionProperties) = preSolution
		HideSolutionNode = FALSE
	EndGlobalSection
	GlobalSection(ExtensibilityGlobals) = postSolution
		SolutionGuid = {96633120-605D-4E34-AC63-3AE0FC51788B}
	EndGlobalSection
EndGlobal
